
Microsoft Visual Studio Solution File, Format Version 12.00
# Visual Studio Version 17
VisualStudioVersion = 17.0.31903.59
MinimumVisualStudioVersion = 10.0.40219.1
Project("{2150E333-8FDC-42A3-9474-1A3956D46DE8}") = "src", "src", "{827E0CD3-B72D-47B6-A68D-7590B98EB39B}"
EndProject
Project("{FAE04EC0-301F-11D3-BF4B-00C04F79EFBC}") = "TanyaQuiz.Api", "src\TanyaQuiz.Api\TanyaQuiz.Api.csproj", "{B389D10F-1AC3-4B4E-9D72-5387FAF4280E}"
EndProject
Project("{2150E333-8FDC-42A3-9474-1A3956D46DE8}") = "tests", "tests", "{0AB3BF05-4346-4AA6-1389-037BE0695223}"
EndProject
Project("{FAE04EC0-301F-11D3-BF4B-00C04F79EFBC}") = "TanyaQuiz.Api.UnitTests", "tests\TanyaQuiz.Api.UnitTests\TanyaQuiz.Api.UnitTests.csproj", "{9B22E330-389A-4065-BB51-F93B596870A8}"
EndProject
Project("{FAE04EC0-301F-11D3-BF4B-00C04F79EFBC}") = "TanyaQuiz.Api.IntegrationTests", "tests\TanyaQuiz.Api.IntegrationTests\TanyaQuiz.Api.IntegrationTests.csproj", "{24FE4C26-CB13-4516-A6C6-C2950ADF798A}"
EndProject
Project("{FAE04EC0-301F-11D3-BF4B-00C04F79EFBC}") = "TanyaQuiz.Api.ContractTests", "tests\TanyaQuiz.Api.ContractTests\TanyaQuiz.Api.ContractTests.csproj", "{2BA972B9-EA3B-4EF6-A758-9CE3B288425D}"
EndProject
Global
	GlobalSection(SolutionConfigurationPlatforms) = preSolution
		Debug|Any CPU = Debug|Any CPU
		Debug|x64 = Debug|x64
		Debug|x86 = Debug|x86
		Release|Any CPU = Release|Any CPU
		Release|x64 = Release|x64
		Release|x86 = Release|x86
	EndGlobalSection
	GlobalSection(ProjectConfigurationPlatforms) = postSolution
		{B389D10F-1AC3-4B4E-9D72-5387FAF4280E}.Debug|Any CPU.ActiveCfg = Debug|Any CPU
		{B389D10F-1AC3-4B4E-9D72-5387FAF4280E}.Debug|Any CPU.Build.0 = Debug|Any CPU
		{B389D10F-1AC3-4B4E-9D72-5387FAF4280E}.Debug|x64.ActiveCfg = Debug|Any CPU
		{B389D10F-1AC3-4B4E-9D72-5387FAF4280E}.Debug|x64.Build.0 = Debug|Any CPU
		{B389D10F-1AC3-4B4E-9D72-5387FAF4280E}.Debug|x64.Build.0 = Debug|Any CPU
		{B389D10F-1AC3-4B4E-9D72-5387FAF4280E}.Debug|x86.ActiveCfg = Debug|Any CPU
		{B389D10F-1AC3-4B4E-9D72-5387FAF4280E}.Debug|x86.Build.0 = Debug|Any CPU
		{B389D10F-1AC3-4B4E-9D72-5387FAF4280E}.Release|Any CPU.ActiveCfg = Release|Any CPU
		{B389D10F-1AC3-4B4E-9D72-5387FAF4280E}.Release|Any CPU.Build.0 = Release|Any CPU
		{B389D10F-1AC3-4B4E-9D72-5387FAF4280E}.Release|x64.ActiveCfg = Release|Any CPU
		{B389D10F-1AC3-4B4E-9D72-5387FAF4280E}.Release|x64.Build.0 = Release|Any CPU
		{B389D10F-1AC3-4B4E-9D72-5387FAF4280E}.Release|x86.ActiveCfg = Release|Any CPU
		{B389D10F-1AC3-4B4E-9D72-5387FAF4280E}.Release|x86.Build.0 = Release|Any CPU
		{9B22E330-389A-4065-BB51-F93B596870A8}.Debug|Any CPU.ActiveCfg = Debug|Any CPU
		{9B22E330-389A-4065-BB51-F93B596870A8}.Debug|Any CPU.Build.0 = Debug|Any CPU
		{9B22E330-389A-4065-BB51-F93B596870A8}.Debug|x64.ActiveCfg = Debug|Any CPU
		{9B22E330-389A-4065-BB51-F93B596870A8}.Debug|x64.Build.0 = Debug|Any CPU
		{9B22E330-389A-4065-BB51-F93B596870A8}.Debug|x64.Build.0 = Debug|Any CPU
		{9B22E330-389A-4065-BB51-F93B596870A8}.Debug|x86.ActiveCfg = Debug|Any CPU
		{9B22E330-389A-4065-BB51-F93B596870A8}.Debug|x86.Build.0 = Debug|Any CPU
		{9B22E330-389A-4065-BB51-F93B596870A8}.Release|Any CPU.ActiveCfg = Release|Any CPU
		{9B22E330-389A-4065-BB51-F93B596870A8}.Release|x64.ActiveCfg = Release|Any CPU
		{9B22E330-389A-4065-BB51-F93B596870A8}.Release|x86.ActiveCfg = Release|Any CPU
	EndGlobalSection
	GlobalSection(SolutionProperties) = preSolution
		HideSolutionNode = FALSE
	EndGlobalSection
	GlobalSection(NestedProjects) = preSolution
		{B389D10F-1AC3-4B4E-9D72-5387FAF4280E} = {827E0CD3-B72D-47B6-A68D-7590B98EB39B}
		{9B22E330-389A-4065-BB51-F93B596870A8} = {0AB3BF05-4346-4AA6-1389-037BE0695223}
		{24FE4C26-CB13-4516-A6C6-C2950ADF798A} = {0AB3BF05-4346-4AA6-1389-037BE0695223}
		{2BA972B9-EA3B-4EF6-A758-9CE3B288425D} = {0AB3BF05-4346-4AA6-1389-037BE0695223}
	EndGlobalSection
EndGlobal
